# THIS IS AN AUTOGENERATED FILE. DO NOT EDIT THIS FILE DIRECTLY.
# yarn lockfile v1


"@suning/uxcool-table-search-form@^1.0.5":
  version "1.0.5"
  resolved "http://snpm.cnsuning.com/@suning%2fuxcool-table-search-form/-/uxcool-table-search-form-1.0.5.tgz#495833c22e5d7650f0d123ca7c9d49f330b61a91"
  integrity sha1-SVgzwi5ddlDw0SPKfJ1J8zC2GpE=

axios@^0.19.0:
  version "0.19.0"
  resolved "http://snpm.cnsuning.com/axios/-/axios-0.19.0.tgz#8e09bff3d9122e133f7b8101c8fbdd00ed3d2ab8"
  integrity sha1-jgm/89kSLhM/e4EByPvdAO09Krg=
  dependencies:
    follow-redirects "1.5.10"
    is-buffer "^2.0.2"

debug@=3.1.0:
  version "3.1.0"
  resolved "http://snpm.cnsuning.com/debug/-/debug-3.1.0.tgz#5bb5a0672628b64149566ba16819e61518c67261"
  integrity sha1-W7WgZyYotkFJVmuhaBnmFRjGcmE=
  dependencies:
    ms "2.0.0"

follow-redirects@1.5.10:
  version "1.5.10"
  resolved "http://snpm.cnsuning.com/follow-redirects/-/follow-redirects-1.5.10.tgz#7b7a9f9aea2fdff36786a94ff643ed07f4ff5e2a"
  integrity sha1-e3qfmuov3/NnhqlP9kPtB/T/Xio=
  dependencies:
    debug "=3.1.0"

is-buffer@^2.0.2:
  version "2.0.4"
  resolved "http://snpm.cnsuning.com/is-buffer/-/is-buffer-2.0.4.tgz#3e572f23c8411a5cfd9557c849e3665e0b290623"
  integrity sha1-PlcvI8hBGlz9lVfISeNmXgspBiM=

ms@2.0.0:
  version "2.0.0"
  resolved "http://snpm.cnsuning.com/ms/-/ms-2.0.0.tgz#5608aeadfc00be6c2901df5f9861788de0d597c8"
  integrity sha1-VgiurfwAvmwpAd9fmGF4jeDVl8g=

vue-router@^3.1.3:
  version "3.1.3"
  resolved "http://snpm.cnsuning.com/vue-router/-/vue-router-3.1.3.tgz#e6b14fabc0c0ee9fda0e2cbbda74b350e28e412b"
  integrity sha1-5rFPq8DA7p/aDiy72nSzUOKOQSs=

vuex@^3.1.2:
  version "3.1.2"
  resolved "http://snpm.cnsuning.com/vuex/-/vuex-3.1.2.tgz#a2863f4005aa73f2587e55c3fadf3f01f69c7d4d"
  integrity sha1-ooY/QAWqc/JYflXD+t8/AfacfU0=
